PODS:
  - PINCache (3.0.1-beta.5):
    - PINCache/Arc-exception-safe (= 3.0.1-beta.5)
    - PINCache/Core (= 3.0.1-beta.5)
  - PINCache/Arc-exception-safe (3.0.1-beta.5):
    - PINCache/Core
  - PINCache/Core (3.0.1-beta.5):
    - PINOperation (= 1.0.3)
  - PINOperation (1.0.3)
  - PINRemoteImage/Core (3.0.0-beta.11):
    - PINOperation
  - PINRemoteImage/iOS (3.0.0-beta.11):
    - PINRemoteImage/Core
  - PINRemoteImage/PINCache (3.0.0-beta.11):
    - PINCache (= 3.0.1-beta.5)
    - PINRemoteImage/Core
  - Texture (2.3.4):
    - Texture/PINRemoteImage (= 2.3.4)
  - Texture/Core (2.3.4)
  - Texture/PINRemoteImage (2.3.4):
    - PINRemoteImage/iOS (= 3.0.0-beta.11)
    - PINRemoteImage/PINCache
    - Texture/Core

DEPENDENCIES:
  - Texture

SPEC CHECKSUMS:
  PINCache: 98e7b1ef782824ad231ade51987c218b758c30d8
  PINOperation: ac23db44796d4a564ecf9b5ea7163510f579b71d
  PINRemoteImage: d71988f11914a050d6d4cf51efc4ad1de8c0a9d8
  Texture: 8cf0872fe33328c20d7e6c1fcbf1f23a82162f2f

PODFILE CHECKSUM: cd8a18dcefff493e3b208b46990d6090536b725e

COCOAPODS: 1.3.1
